
Microsoft Visual Studio Solution File, Format Version 11.00
# Visual Studio 2010
Project("{FAE04EC0-301F-11D3-BF4B-00C04F79EFBC}") = "Assembly-CSharp", "Assembly-CSharp.csproj", "{8AB820FE-9EAB-5721-59C0-C43A5F7DB8DE}"
EndProject
Project("{FAE04EC0-301F-11D3-BF4B-00C04F79EFBC}") = "Assembly-CSharp-Editor", "Assembly-CSharp-Editor.csproj", "{BF09FEBD-B347-A76F-ACA1-6F45EC109EE8}"
EndProject
Global
	GlobalSection(SolutionConfigurationPlatforms) = preSolution
		Debug|Any CPU = Debug|Any CPU
		Release|Any CPU = Release|Any CPU
	EndGlobalSection
	GlobalSection(ProjectConfigurationPlatforms) = postSolution
		{8AB820FE-9EAB-5721-59C0-C43A5F7DB8DE}.Debug|Any CPU.ActiveCfg = Debug|Any CPU
		{8AB820FE-9EAB-5721-59C0-C43A5F7DB8DE}.Debug|Any CPU.Build.0 = Debug|Any CPU
		{8AB820FE-9EAB-5721-59C0-C43A5F7DB8DE}.Release|Any CPU.ActiveCfg = Release|Any CPU
		{8AB820FE-9EAB-5721-59C0-C43A5F7DB8DE}.Release|Any CPU.Build.0 = Release|Any CPU
		{BF09FEBD-B347-A76F-ACA1-6F45EC109EE8}.Debug|Any CPU.ActiveCfg = Debug|Any CPU
		{BF09FEBD-B347-A76F-ACA1-6F45EC109EE8}.Debug|Any CPU.Build.0 = Debug|Any CPU
		{BF09FEBD-B347-A76F-ACA1-6F45EC109EE8}.Release|Any CPU.ActiveCfg = Release|Any CPU
		{BF09FEBD-B347-A76F-ACA1-6F45EC109EE8}.Release|Any CPU.Build.0 = Release|Any CPU
	EndGlobalSection
	GlobalSection(SolutionProperties) = preSolution
		HideSolutionNode = FALSE
	EndGlobalSection
EndGlobal
